// !$*UTF8*$!
{
	archiveVersion = 1;
	classes = {
	};
	objectVersion = 46;
	objects = {

/* Begin PBXBuildFile section */
		FD872D5F200F0B85006968E9 /* AppDelegate.swift in Sources */ = {isa = PBXBuildFile; fileRef = FD872D5E200F0B85006968E9 /* AppDelegate.swift */; };
		FD872D61200F0B88006968E9 /* ViewController.swift in Sources */ = {isa = PBXBuildFile; fileRef = FD872D60200F0B88006968E9 /* ViewController.swift */; };
		FD872D64200F0B8C006968E9 /* Main.storyboard in Resources */ = {isa = PBXBuildFile; fileRef = FD872D62200F0B8C006968E9 /* Main.storyboard */; };
		FD872D66200F0B91006968E9 /* Assets.xcassets in Resources */ = {isa = PBXBuildFile; fileRef = FD872D65200F0B91006968E9 /* Assets.xcassets */; };
		FD872D69200F0B92006968E9 /* LaunchScreen.storyboard in Resources */ = {isa = PBXBuildFile; fileRef = FD872D67200F0B92006968E9 /* LaunchScreen.storyboard */; };
/* End PBXBuildFile section */

/* Begin PBXFileReference section */
		FD872D5B200F0B7D006968E9 /* loopMusic.app */ = {isa = PBXFileReference; explicitFileType = wrapper.application; includeInIndex = 0; path = loopMusic.app; sourceTree = BUILT_PRODUCTS_DIR; };
		FD872D5E200F0B85006968E9 /* AppDelegate.swift */ = {isa = PBXFileReference; lastKnownFileType = sourcecode.swift; path = AppDelegate.swift; sourceTree = "<group>"; };
		FD872D60200F0B88006968E9 /* ViewController.swift */ = {isa = PBXFileReference; lastKnownFileType = sourcecode.swift; path = ViewController.swift; sourceTree = "<group>"; };
		FD872D63200F0B8C006968E9 /* Base */ = {isa = PBXFileReference; lastKnownFileType = file.storyboard; name = Base; path = Base.lproj/Main.storyboard; sourceTree = "<group>"; };
		FD872D65200F0B91006968E9 /* Assets.xcassets */ = {isa = PBXFileReference; lastKnownFileType = folder.assetcatalog; path = Assets.xcassets; sourceTree = "<group>"; };
		FD872D68200F0B92006968E9 /* Base */ = {isa = PBXFileReference; lastKnownFileType = file.storyboard; name = Base; path = Base.lproj/LaunchScreen.storyboard; sourceTree = "<group>"; };
		FD872D6A200F0B94006968E9 /* Info.plist */ = {isa = PBXFileReference; lastKnownFileType = text.plist.xml; path = Info.plist; sourceTree = "<group>"; };
/* End PBXFileReference section */

/* Begin PBXFrameworksBuildPhase section */
		FD872D58200F0B7B006968E9 /* Frameworks */ = {
			isa = PBXFrameworksBuildPhase;
			buildActionMask = 2147483647;
			files = (
			);
			runOnlyForDeploymentPostprocessing = 0;
		};
/* End PBXFrameworksBuildPhase section */

/* Begin PBXGroup section */
		FD872D52200F0B78006968E9 = {
			isa = PBXGroup;
			children = (
				FD872D5D200F0B80006968E9 /* loopMusic */,
				FD872D5C200F0B7D006968E9 /* Products */,
			);
			sourceTree = "<group>";
		};
		FD872D5C200F0B7D006968E9 /* Products */ = {
			isa = PBXGroup;
			children = (
				FD872D5B200F0B7D006968E9 /* loopMusic.app */,
			);
			name = Products;
			sourceTree = "<group>";
		};
		FD872D5D200F0B80006968E9 /* loopMusic */ = {
			isa = PBXGroup;
			children = (
				FD872D5E200F0B85006968E9 /* AppDelegate.swift */,
				FD872D60200F0B88006968E9 /* ViewController.swift */,
				FD872D62200F0B8C006968E9 /* Main.storyboard */,
				FD872D65200F0B91006968E9 /* Assets.xcassets */,
				FD872D67200F0B92006968E9 /* LaunchScreen.storyboard */,
				FD872D6A200F0B94006968E9 /* Info.plist */,
			);
			path = loopMusic;
			sourceTree = "<group>";
		};
/* End PBXGroup section */

/* Begin PBXNativeTarget section */
		FD872D5A200F0B7B006968E9 /* loopMusic */ = {
			isa = PBXNativeTarget;
			buildConfigurationList = FD872D6D200F0B95006968E9 /* Build configuration list for PBXNativeTarget "loopMusic" */;
			buildPhases = (
				FD872D57200F0B7B006968E9 /* Sources */,
				FD872D58200F0B7B006968E9 /* Frameworks */,
				FD872D59200F0B7B006968E9 /* Resources */,
			);
			buildRules = (
			);
			dependencies = (
			);
			name = loopMusic;
			productName = loopMusic;
			productReference = FD872D5B200F0B7D006968E9 /* loopMusic.app */;
			productType = "com.apple.product-type.application";
		};
/* End PBXNativeTarget section */

/* Begin PBXProject section */
		FD872D53200F0B7A006968E9 /* Project object */ = {
			isa = PBXProject;
			attributes = {
				LastSwiftUpdateCheck = 0820;
				LastUpgradeCheck = 0820;
				ORGANIZATIONNAME = Kush;
				TargetAttributes = {
					FD872D5A200F0B7B006968E9 = {
						CreatedOnToolsVersion = 8.2.1;
						DevelopmentTeam = R6NNG48UV9;
						ProvisioningStyle = Automatic;
					};
				};
			};
			buildConfigurationList = FD872D56200F0B7A006968E9 /* Build configuration list for PBXProject "loopMusic" */;
			compatibilityVersion = "Xcode 3.2";
			developmentRegion = English;
			hasScannedForEncodings = 0;
			knownRegions = (
				en,
				Base,
			);
			mainGroup = FD872D52200F0B78006968E9;
			productRefGroup = FD872D5C200F0B7D006968E9 /* Products */;
			projectDirPath = "";
			projectRoot = "";
			targets = (
				FD872D5A200F0B7B006968E9 /* loopMusic */,
			);
		};
/* End PBXProject section */

/* Begin PBXResourcesBuildPhase section */
		FD872D59200F0B7B006968E9 /* Resources */ = {
			isa = PBXResourcesBuildPhase;
			buildActionMask = 2147483647;
			files = (
				FD872D69200F0B92006968E9 /* LaunchScreen.storyboard in Resources */,
				FD872D66200F0B91006968E9 /* Assets.xcassets in Resources */,
				FD872D64200F0B8C006968E9 /* Main.storyboard in Resources */,
			);
			runOnlyForDeploymentPostprocessing = 0;
		};
/* End PBXResourcesBuildPhase section */

/* Begin PBXSourcesBuildPhase section */
		FD872D57200F0B7B006968E9 /* Sources */ = {
			isa = PBXSourcesBuildPhase;
			buildActionMask = 2147483647;
			files = (
				FD872D61200F0B88006968E9 /* ViewController.swift in Sources */,
				FD872D5F200F0B85006968E9 /* AppDelegate.swift in Sources */,
			);
			runOnlyForDeploymentPostprocessing = 0;
		};
/* End PBXSourcesBuildPhase section */

/* Begin PBXVariantGroup section */
		FD872D62200F0B8C006968E9 /* Main.storyboard */ = {
			isa = PBXVariantGroup;
			children = (
				FD872D63200F0B8C006968E9 /* Base */,
			);
			name = Main.storyboard;
			sourceTree = "<group>";
		};
		FD872D67200F0B92006968E9 /* LaunchScreen.storyboard */ = {
			isa = PBXVariantGroup;
			children = (
				FD872D68200F0B92006968E9 /* Base */,
			);
			name = LaunchScreen.storyboard;
			sourceTree = "<group>";
		};
/* End PBXVariantGroup section */

/* Begin XCBuildConfiguration section */
		FD872D6B200F0B94006968E9 /* Debug */ = {
			isa = XCBuildConfiguration;
			buildSettings = {
				ALWAYS_SEARCH_USER_PATHS = NO;
				CLANG_ANALYZER_NONNULL = YES;
				CLANG_CXX_LANGUAGE_STANDARD = "gnu++0x";
				CLANG_CXX_LIBRARY = "libc++";
				CLANG_ENABLE_MODULES = YES;
				CLANG_ENABLE_OBJC_ARC = YES;
				CLANG_WARN_BOOL_CONVERSION = YES;
				CLANG_WARN_CONSTANT_CONVERSION = YES;
				CLANG_WARN_DIRECT_OBJC_ISA_USAGE = YES_ERROR;
				CLANG_WARN_DOCUMENTATION_COMMENTS = YES;
				CLANG_WARN_EMPTY_BODY = YES;
				CLANG_WARN_ENUM_CONVERSION = YES;
				CLANG_WARN_INFINITE_RECURSION = YES;
				CLANG_WARN_INT_CONVERSION = YES;
				CLANG_WARN_OBJC_ROOT_CLASS = YES_ERROR;
				CLANG_WARN_SUSPICIOUS_MOVE = YES;
				CLANG_WARN_UNREACHABLE_CODE = YES;
				CLANG_WARN__DUPLICATE_METHOD_MATCH = YES;
				"CODE_SIGN_IDENTITY[sdk=iphoneos*]" = "iPhone Developer";
				COPY_PHASE_STRIP = NO;
				DEBUG_INFORMATION_FORMAT = dwarf;
				ENABLE_STRICT_OBJC_MSGSEND = YES;
				ENABLE_TESTABILITY = YES;
				GCC_C_LANGUAGE_STANDARD = gnu99;
				GCC_DYNAMIC_NO_PIC = NO;
				GCC_NO_COMMON_BLOCKS = YES;
				GCC_OPTIMIZATION_LEVEL = 0;
				GCC_PREPROCESSOR_DEFINITIONS = (
					"DEBUG=1",
					"$(inherited)",
				);
				GCC_WARN_64_TO_32_BIT_CONVERSION = YES;
				GCC_WARN_ABOUT_RETURN_TYPE = YES_ERROR;
				GCC_WARN_UNDECLARED_SELECTOR = YES;
				GCC_WARN_UNINITIALIZED_AUTOS = YES_AGGRESSIVE;
				GCC_WARN_UNUSED_FUNCTION = YES;
				GCC_WARN_UNUSED_VARIABLE = YES;
				IPHONEOS_DEPLOYMENT_TARGET = 10.2;
				MTL_ENABLE_DEBUG_INFO = YES;
				ONLY_ACTIVE_ARCH = YES;
				SDKROOT = iphoneos;
				SWIFT_ACTIVE_COMPILATION_CONDITIONS = DEBUG;
				SWIFT_OPTIMIZATION_LEVEL = "-Onone";
			};
			name = Debug;
		};
		FD872D6C200F0B95006968E9 /* Release */ = {
			isa = XCBuildConfiguration;
			buildSettings = {
				ALWAYS_SEARCH_USER_PATHS = NO;
				CLANG_ANALYZER_NONNULL = YES;
				CLANG_CXX_LANGUAGE_STANDARD = "gnu++0x";
				CLANG_CXX_LIBRARY = "libc++";
				CLANG_ENABLE_MODULES = YES;
				CLANG_ENABLE_OBJC_ARC = YES;
				CLANG_WARN_BOOL_CONVERSION = YES;
				CLANG_WARN_CONSTANT_CONVERSION = YES;
				CLANG_WARN_DIRECT_OBJC_ISA_USAGE = YES_ERROR;
				CLANG_WARN_DOCUMENTATION_COMMENTS = YES;
				CLANG_WARN_EMPTY_BODY = YES;
				CLANG_WARN_ENUM_CONVERSION = YES;
				CLANG_WARN_INFINITE_RECURSION = YES;
				CLANG_WARN_INT_CONVERSION = YES;
				CLANG_WARN_OBJC_ROOT_CLASS = YES_ERROR;
				CLANG_WARN_SUSPICIOUS_MOVE = YES;
				CLANG_WARN_UNREACHABLE_CODE = YES;
				CLANG_WARN__DUPLICATE_METHOD_MATCH = YES;
				"CODE_SIGN_IDENTITY[sdk=iphoneos*]" = "iPhone Developer";
				COPY_PHASE_STRIP = NO;
				DEBUG_INFORMATION_FORMAT = "dwarf-with-dsym";
				ENABLE_NS_ASSERTIONS = NO;
				ENABLE_STRICT_OBJC_MSGSEND = YES;
				GCC_C_LANGUAGE_STANDARD = gnu99;
				GCC_NO_COMMON_BLOCKS = YES;
				GCC_WARN_64_TO_32_BIT_CONVERSION = YES;
				GCC_WARN_ABOUT_RETURN_TYPE = YES_ERROR;
				GCC_WARN_UNDECLARED_SELECTOR = YES;
				GCC_WARN_UNINITIALIZED_AUTOS = YES_AGGRESSIVE;
				GCC_WARN_UNUSED_FUNCTION = YES;
				GCC_WARN_UNUSED_VARIABLE = YES;
				IPHONEOS_DEPLOYMENT_TARGET = 10.2;
				MTL_ENABLE_DEBUG_INFO = NO;
				SDKROOT = iphoneos;
				SWIFT_OPTIMIZATION_LEVEL = "-Owholemodule";
				VALIDATE_PRODUCT = YES;
			};
			name = Release;
		};
		FD872D6E200F0B95006968E9 /* Debug */ = {
			isa = XCBuildConfiguration;
			buildSettings = {
				ASSETCATALOG_COMPILER_APPICON_NAME = AppIcon;
				DEVELOPMENT_TEAM = R6NNG48UV9;
				INFOPLIST_FILE = loopMusic/Info.plist;
				LD_RUNPATH_SEARCH_PATHS = "$(inherited) @executable_path/Frameworks";
				PRODUCT_BUNDLE_IDENTIFIER = com.kush.loopMusic;
				PRODUCT_NAME = "$(TARGET_NAME)";
				SWIFT_VERSION = 3.0;
			};
			name = Debug;
		};
		FD872D6F200F0B95006968E9 /* Release */ = {
			isa = XCBuildConfiguration;
			buildSettings = {
				ASSETCATALOG_COMPILER_APPICON_NAME = AppIcon;
				DEVELOPMENT_TEAM = R6NNG48UV9;
				INFOPLIST_FILE = loopMusic/Info.plist;
				LD_RUNPATH_SEARCH_PATHS = "$(inherited) @executable_path/Frameworks";
				PRODUCT_BUNDLE_IDENTIFIER = com.kush.loopMusic;
				PRODUCT_NAME = "$(TARGET_NAME)";
				SWIFT_VERSION = 3.0;
			};
			name = Release;
		};
/* End XCBuildConfiguration section */

/* Begin XCConfigurationList section */
		FD872D56200F0B7A006968E9 /* Build configuration list for PBXProject "loopMusic" */ = {
			isa = XCConfigurationList;
			buildConfigurations = (
				FD872D6B200F0B94006968E9 /* Debug */,
				FD872D6C200F0B95006968E9 /* Release */,
			);
			defaultConfigurationIsVisible = 0;
			defaultConfigurationName = Release;
		};
		FD872D6D200F0B95006968E9 /* Build configuration list for PBXNativeTarget "loopMusic" */ = {
			isa = XCConfigurationList;
			buildConfigurations = (
				FD872D6E200F0B95006968E9 /* Debug */,
				FD872D6F200F0B95006968E9 /* Release */,
			);
			defaultConfigurationIsVisible = 0;
			defaultConfigurationName = Release;
		};
/* End XCConfigurationList section */
	};
	rootObject = FD872D53200F0B7A006968E9 /* Project object */;
}
